// !$*UTF8*$!
{
	archiveVersion = 1;
	classes = {
	};
	objectVersion = 77;
	objects = {

/* Begin PBXBuildFile section */
		06E21055A67E606F2DBA7C0F /* CrawlCheckIn.swift in Sources */ = {isa = PBXBuildFile; fileRef = FFE132DA14C83F8CAF342CBD /* CrawlCheckIn.swift */; };
		088D894ABA5840AE7EAA4F85 /* MapTabView.swift in Sources */ = {isa = PBXBuildFile; fileRef = F6AF703FFA7410B6F53E074C /* MapTabView.swift */; };
		1058011E5B55C8232AA18893 /* ContentView.swift in Sources */ = {isa = PBXBuildFile; fileRef = 7D0C943165A320A55F95DDB0 /* ContentView.swift */; };
		10C1F2A2F5D977DA48FAF6D2 /* InviteView.swift in Sources */ = {isa = PBXBuildFile; fileRef = 4AD0F1B774B376999E2B3130 /* InviteView.swift */; };
		28C0D8F73C4D4FAFA709FED3 /* RankingView.swift in Sources */ = {isa = PBXBuildFile; fileRef = 3C5F223F2A1DFEA274CF59CA /* RankingView.swift */; };
		2B90E9B49015BFC13A77355A /* PubCrawl.swift in Sources */ = {isa = PBXBuildFile; fileRef = 6B30BBD2F47BAE9DEB353868 /* PubCrawl.swift */; };
		2D37651DCB9E9C597EDA3EEC /* CrawlCheckInView.swift in Sources */ = {isa = PBXBuildFile; fileRef = 21BB39598E5B30D4FF72AEA1 /* CrawlCheckInView.swift */; };
		2DEDB6281324E2B0AD21929B /* PintTrailApp.swift in Sources */ = {isa = PBXBuildFile; fileRef = 7C8A48AC1F1EC6CE29F1DA74 /* PintTrailApp.swift */; };
		3489BE96763ADFEB7466F40C /* BeerDetailView.swift in Sources */ = {isa = PBXBuildFile; fileRef = 8CF37755F02D94D0E0193E8C /* BeerDetailView.swift */; };
		397730E5CB73AAC21A0F0BA8 /* CrawlRecapView.swift in Sources */ = {isa = PBXBuildFile; fileRef = 4B72B28D0F01738F5AC78497 /* CrawlRecapView.swift */; };
		40842A77E1E4E365AC61D4FD /* AddBeerView.swift in Sources */ = {isa = PBXBuildFile; fileRef = 22D3FDA845E57842F2653EA0 /* AddBeerView.swift */; };
		44011DC1ED53CFF9E04882F7 /* CrawlsView.swift in Sources */ = {isa = PBXBuildFile; fileRef = 1ECFDE8B3BA077C5C20718D6 /* CrawlsView.swift */; };
		621D107B8FDB647036E2C783 /* BeerStyles.swift in Sources */ = {isa = PBXBuildFile; fileRef = FAC6C4633C5D2B02F0330D50 /* BeerStyles.swift */; };
		65F78C7885AC096D3081A9C4 /* JournalView.swift in Sources */ = {isa = PBXBuildFile; fileRef = 731C882AD6B9F3CBA728CFFF /* JournalView.swift */; };
		6D8A23D084B74C4CCDAE8848 /* BeerEntry.swift in Sources */ = {isa = PBXBuildFile; fileRef = 2EE432720796048CECF1BB67 /* BeerEntry.swift */; };
		7B6A84BE2C355C99A9B75033 /* Assets.xcassets in Resources */ = {isa = PBXBuildFile; fileRef = 1663AD66EA6F46B5C17AEE79 /* Assets.xcassets */; };
		9435F611C7AA90DA9DEEDABA /* RankingEngine.swift in Sources */ = {isa = PBXBuildFile; fileRef = D0FC6B773AAAF05C8414C748 /* RankingEngine.swift */; };
		971870BCD8BB687BC912C311 /* CrawlDetailView.swift in Sources */ = {isa = PBXBuildFile; fileRef = 4C990CB70D55012CFABB9634 /* CrawlDetailView.swift */; };
		988AAE1780D5A85D3E1344AC /* SettingsView.swift in Sources */ = {isa = PBXBuildFile; fileRef = 7E017F7F7650B7C2FF76EA27 /* SettingsView.swift */; };
		A2A668943D10DB060AEA1BF6 /* TestData.swift in Sources */ = {isa = PBXBuildFile; fileRef = 854F251FF548D358A01C0C60 /* TestData.swift */; };
		A60BB3A2C35FE3904A17E6FF /* Theme.swift in Sources */ = {isa = PBXBuildFile; fileRef = 03754AC962EEECD4DDD5BE0F /* Theme.swift */; };
		D4EF2418BC8C88E07C0FAE54 /* BarcodeScannerView.swift in Sources */ = {isa = PBXBuildFile; fileRef = 764C64A5C6455E23999E492C /* BarcodeScannerView.swift */; };
		E78974C6B38FA771E8FB5F09 /* CreateCrawlView.swift in Sources */ = {isa = PBXBuildFile; fileRef = 01DA22A97F901723F8E7BE8C /* CreateCrawlView.swift */; };
		E8F64163FF18EDE47242AAFB /* BarcodeService.swift in Sources */ = {isa = PBXBuildFile; fileRef = A849B81943351A538DA2F48C /* BarcodeService.swift */; };
		EDE48DAB49B8534E2DA0F7B9 /* LocationManager.swift in Sources */ = {isa = PBXBuildFile; fileRef = 22A6982C86619EBF5C8178A3 /* LocationManager.swift */; };
/* End PBXBuildFile section */

/* Begin PBXFileReference section */
		01DA22A97F901723F8E7BE8C /* CreateCrawlView.swift */ = {isa = PBXFileReference; lastKnownFileType = sourcecode.swift; path = CreateCrawlView.swift; sourceTree = "<group>"; };
		03754AC962EEECD4DDD5BE0F /* Theme.swift */ = {isa = PBXFileReference; lastKnownFileType = sourcecode.swift; path = Theme.swift; sourceTree = "<group>"; };
		1663AD66EA6F46B5C17AEE79 /* Assets.xcassets */ = {isa = PBXFileReference; lastKnownFileType = folder.assetcatalog; path = Assets.xcassets; sourceTree = "<group>"; };
		1ECFDE8B3BA077C5C20718D6 /* CrawlsView.swift */ = {isa = PBXFileReference; lastKnownFileType = sourcecode.swift; path = CrawlsView.swift; sourceTree = "<group>"; };
		21BB39598E5B30D4FF72AEA1 /* CrawlCheckInView.swift */ = {isa = PBXFileReference; lastKnownFileType = sourcecode.swift; path = CrawlCheckInView.swift; sourceTree = "<group>"; };
		22A6982C86619EBF5C8178A3 /* LocationManager.swift */ = {isa = PBXFileReference; lastKnownFileType = sourcecode.swift; path = LocationManager.swift; sourceTree = "<group>"; };
		22D3FDA845E57842F2653EA0 /* AddBeerView.swift */ = {isa = PBXFileReference; lastKnownFileType = sourcecode.swift; path = AddBeerView.swift; sourceTree = "<group>"; };
		2EE432720796048CECF1BB67 /* BeerEntry.swift */ = {isa = PBXFileReference; lastKnownFileType = sourcecode.swift; path = BeerEntry.swift; sourceTree = "<group>"; };
		3C5F223F2A1DFEA274CF59CA /* RankingView.swift */ = {isa = PBXFileReference; lastKnownFileType = sourcecode.swift; path = RankingView.swift; sourceTree = "<group>"; };
		4AD0F1B774B376999E2B3130 /* InviteView.swift */ = {isa = PBXFileReference; lastKnownFileType = sourcecode.swift; path = InviteView.swift; sourceTree = "<group>"; };
		4B72B28D0F01738F5AC78497 /* CrawlRecapView.swift */ = {isa = PBXFileReference; lastKnownFileType = sourcecode.swift; path = CrawlRecapView.swift; sourceTree = "<group>"; };
		4C990CB70D55012CFABB9634 /* CrawlDetailView.swift */ = {isa = PBXFileReference; lastKnownFileType = sourcecode.swift; path = CrawlDetailView.swift; sourceTree = "<group>"; };
		4F46DEFE8B847CADF195C610 /* PintTrail.app */ = {isa = PBXFileReference; includeInIndex = 0; lastKnownFileType = wrapper.application; path = PintTrail.app; sourceTree = BUILT_PRODUCTS_DIR; };
		5CF5BCBC1F8F341C2C91AE02 /* Info.plist */ = {isa = PBXFileReference; lastKnownFileType = text.plist; path = Info.plist; sourceTree = "<group>"; };
		6B30BBD2F47BAE9DEB353868 /* PubCrawl.swift */ = {isa = PBXFileReference; lastKnownFileType = sourcecode.swift; path = PubCrawl.swift; sourceTree = "<group>"; };
		731C882AD6B9F3CBA728CFFF /* JournalView.swift */ = {isa = PBXFileReference; lastKnownFileType = sourcecode.swift; path = JournalView.swift; sourceTree = "<group>"; };
		764C64A5C6455E23999E492C /* BarcodeScannerView.swift */ = {isa = PBXFileReference; lastKnownFileType = sourcecode.swift; path = BarcodeScannerView.swift; sourceTree = "<group>"; };
		7C8A48AC1F1EC6CE29F1DA74 /* PintTrailApp.swift */ = {isa = PBXFileReference; lastKnownFileType = sourcecode.swift; path = PintTrailApp.swift; sourceTree = "<group>"; };
		7D0C943165A320A55F95DDB0 /* ContentView.swift */ = {isa = PBXFileReference; lastKnownFileType = sourcecode.swift; path = ContentView.swift; sourceTree = "<group>"; };
		7E017F7F7650B7C2FF76EA27 /* SettingsView.swift */ = {isa = PBXFileReference; lastKnownFileType = sourcecode.swift; path = SettingsView.swift; sourceTree = "<group>"; };
		854F251FF548D358A01C0C60 /* TestData.swift */ = {isa = PBXFileReference; lastKnownFileType = sourcecode.swift; path = TestData.swift; sourceTree = "<group>"; };
		8CF37755F02D94D0E0193E8C /* BeerDetailView.swift */ = {isa = PBXFileReference; lastKnownFileType = sourcecode.swift; path = BeerDetailView.swift; sourceTree = "<group>"; };
		A849B81943351A538DA2F48C /* BarcodeService.swift */ = {isa = PBXFileReference; lastKnownFileType = sourcecode.swift; path = BarcodeService.swift; sourceTree = "<group>"; };
		D0FC6B773AAAF05C8414C748 /* RankingEngine.swift */ = {isa = PBXFileReference; lastKnownFileType = sourcecode.swift; path = RankingEngine.swift; sourceTree = "<group>"; };
		F6AF703FFA7410B6F53E074C /* MapTabView.swift */ = {isa = PBXFileReference; lastKnownFileType = sourcecode.swift; path = MapTabView.swift; sourceTree = "<group>"; };
		FAC6C4633C5D2B02F0330D50 /* BeerStyles.swift */ = {isa = PBXFileReference; lastKnownFileType = sourcecode.swift; path = BeerStyles.swift; sourceTree = "<group>"; };
		FFE132DA14C83F8CAF342CBD /* CrawlCheckIn.swift */ = {isa = PBXFileReference; lastKnownFileType = sourcecode.swift; path = CrawlCheckIn.swift; sourceTree = "<group>"; };
/* End PBXFileReference section */

/* Begin PBXGroup section */
		2622CC806FFFAA21E892A9F0 = {
			isa = PBXGroup;
			children = (
				596F074DA6CDF4B50E44EE26 /* PintTrail */,
				91916ED2E9B9652F68C54C60 /* Products */,
			);
			sourceTree = "<group>";
		};
		596F074DA6CDF4B50E44EE26 /* PintTrail */ = {
			isa = PBXGroup;
			children = (
				1663AD66EA6F46B5C17AEE79 /* Assets.xcassets */,
				7D0C943165A320A55F95DDB0 /* ContentView.swift */,
				5CF5BCBC1F8F341C2C91AE02 /* Info.plist */,
				7C8A48AC1F1EC6CE29F1DA74 /* PintTrailApp.swift */,
				03754AC962EEECD4DDD5BE0F /* Theme.swift */,
				67676FAC6A83A5195EB28659 /* Models */,
				FCF22EE677DE42BFEF2BED39 /* Services */,
				E9B03E0B5729D151CC2796EA /* Views */,
			);
			path = PintTrail;
			sourceTree = "<group>";
		};
		67676FAC6A83A5195EB28659 /* Models */ = {
			isa = PBXGroup;
			children = (
				2EE432720796048CECF1BB67 /* BeerEntry.swift */,
				FAC6C4633C5D2B02F0330D50 /* BeerStyles.swift */,
				FFE132DA14C83F8CAF342CBD /* CrawlCheckIn.swift */,
				6B30BBD2F47BAE9DEB353868 /* PubCrawl.swift */,
			);
			path = Models;
			sourceTree = "<group>";
		};
		91916ED2E9B9652F68C54C60 /* Products */ = {
			isa = PBXGroup;
			children = (
				4F46DEFE8B847CADF195C610 /* PintTrail.app */,
			);
			name = Products;
			sourceTree = "<group>";
		};
		E9B03E0B5729D151CC2796EA /* Views */ = {
			isa = PBXGroup;
			children = (
				22D3FDA845E57842F2653EA0 /* AddBeerView.swift */,
				764C64A5C6455E23999E492C /* BarcodeScannerView.swift */,
				8CF37755F02D94D0E0193E8C /* BeerDetailView.swift */,
				21BB39598E5B30D4FF72AEA1 /* CrawlCheckInView.swift */,
				4C990CB70D55012CFABB9634 /* CrawlDetailView.swift */,
				4B72B28D0F01738F5AC78497 /* CrawlRecapView.swift */,
				1ECFDE8B3BA077C5C20718D6 /* CrawlsView.swift */,
				01DA22A97F901723F8E7BE8C /* CreateCrawlView.swift */,
				4AD0F1B774B376999E2B3130 /* InviteView.swift */,
				731C882AD6B9F3CBA728CFFF /* JournalView.swift */,
				F6AF703FFA7410B6F53E074C /* MapTabView.swift */,
				3C5F223F2A1DFEA274CF59CA /* RankingView.swift */,
				7E017F7F7650B7C2FF76EA27 /* SettingsView.swift */,
			);
			path = Views;
			sourceTree = "<group>";
		};
		FCF22EE677DE42BFEF2BED39 /* Services */ = {
			isa = PBXGroup;
			children = (
				A849B81943351A538DA2F48C /* BarcodeService.swift */,
				22A6982C86619EBF5C8178A3 /* LocationManager.swift */,
				D0FC6B773AAAF05C8414C748 /* RankingEngine.swift */,
				854F251FF548D358A01C0C60 /* TestData.swift */,
			);
			path = Services;
			sourceTree = "<group>";
		};
		"TEMP_74E4ABF8-483B-415F-97D7-F1C8A726ACA5" /* Preview Content */ = {
			isa = PBXGroup;
			children = (
			);
			path = "Preview Content";
			sourceTree = "<group>";
		};
/* End PBXGroup section */

/* Begin PBXNativeTarget section */
		1F917354595C26D3232E4CC2 /* PintTrail */ = {
			isa = PBXNativeTarget;
			buildConfigurationList = 60C3705532DDF699E2C8D3AF /* Build configuration list for PBXNativeTarget "PintTrail" */;
			buildPhases = (
				BB6FC14DE87D5BAE2BEA531A /* Sources */,
				EC0CC24122C4AECB31698177 /* Resources */,
			);
			buildRules = (
			);
			dependencies = (
			);
			name = PintTrail;
			packageProductDependencies = (
			);
			productName = PintTrail;
			productReference = 4F46DEFE8B847CADF195C610 /* PintTrail.app */;
			productType = "com.apple.product-type.application";
		};
/* End PBXNativeTarget section */

/* Begin PBXProject section */
		7A6847CF429A2C1F55A9D4FD /* Project object */ = {
			isa = PBXProject;
			attributes = {
				BuildIndependentTargetsInParallel = YES;
				LastUpgradeCheck = 1600;
				TargetAttributes = {
				};
			};
			buildConfigurationList = ED4EBE30A3086C2ACF228CAE /* Build configuration list for PBXProject "PintTrail" */;
			developmentRegion = en;
			hasScannedForEncodings = 0;
			knownRegions = (
				Base,
				en,
			);
			mainGroup = 2622CC806FFFAA21E892A9F0;
			minimizedProjectReferenceProxies = 1;
			preferredProjectObjectVersion = 77;
			productRefGroup = 91916ED2E9B9652F68C54C60 /* Products */;
			projectDirPath = "";
			projectRoot = "";
			targets = (
				1F917354595C26D3232E4CC2 /* PintTrail */,
			);
		};
/* End PBXProject section */

/* Begin PBXResourcesBuildPhase section */
		EC0CC24122C4AECB31698177 /* Resources */ = {
			isa = PBXResourcesBuildPhase;
			buildActionMask = 2147483647;
			files = (
				7B6A84BE2C355C99A9B75033 /* Assets.xcassets in Resources */,
			);
			runOnlyForDeploymentPostprocessing = 0;
		};
/* End PBXResourcesBuildPhase section */

/* Begin PBXSourcesBuildPhase section */
		BB6FC14DE87D5BAE2BEA531A /* Sources */ = {
			isa = PBXSourcesBuildPhase;
			buildActionMask = 2147483647;
			files = (
				40842A77E1E4E365AC61D4FD /* AddBeerView.swift in Sources */,
				D4EF2418BC8C88E07C0FAE54 /* BarcodeScannerView.swift in Sources */,
				E8F64163FF18EDE47242AAFB /* BarcodeService.swift in Sources */,
				3489BE96763ADFEB7466F40C /* BeerDetailView.swift in Sources */,
				6D8A23D084B74C4CCDAE8848 /* BeerEntry.swift in Sources */,
				621D107B8FDB647036E2C783 /* BeerStyles.swift in Sources */,
				1058011E5B55C8232AA18893 /* ContentView.swift in Sources */,
				06E21055A67E606F2DBA7C0F /* CrawlCheckIn.swift in Sources */,
				2D37651DCB9E9C597EDA3EEC /* CrawlCheckInView.swift in Sources */,
				971870BCD8BB687BC912C311 /* CrawlDetailView.swift in Sources */,
				397730E5CB73AAC21A0F0BA8 /* CrawlRecapView.swift in Sources */,
				44011DC1ED53CFF9E04882F7 /* CrawlsView.swift in Sources */,
				E78974C6B38FA771E8FB5F09 /* CreateCrawlView.swift in Sources */,
				10C1F2A2F5D977DA48FAF6D2 /* InviteView.swift in Sources */,
				65F78C7885AC096D3081A9C4 /* JournalView.swift in Sources */,
				EDE48DAB49B8534E2DA0F7B9 /* LocationManager.swift in Sources */,
				088D894ABA5840AE7EAA4F85 /* MapTabView.swift in Sources */,
				2DEDB6281324E2B0AD21929B /* PintTrailApp.swift in Sources */,
				2B90E9B49015BFC13A77355A /* PubCrawl.swift in Sources */,
				9435F611C7AA90DA9DEEDABA /* RankingEngine.swift in Sources */,
				28C0D8F73C4D4FAFA709FED3 /* RankingView.swift in Sources */,
				988AAE1780D5A85D3E1344AC /* SettingsView.swift in Sources */,
				A2A668943D10DB060AEA1BF6 /* TestData.swift in Sources */,
				A60BB3A2C35FE3904A17E6FF /* Theme.swift in Sources */,
			);
			runOnlyForDeploymentPostprocessing = 0;
		};
/* End PBXSourcesBuildPhase section */

/* Begin XCBuildConfiguration section */
		0C3A7F67D2850592FFFEB5A5 /* Release */ = {
			isa = XCBuildConfiguration;
			buildSettings = {
				ASSETCATALOG_COMPILER_APPICON_NAME = AppIcon;
				CODE_SIGN_IDENTITY = "iPhone Developer";
				CURRENT_PROJECT_VERSION = 1;
				INFOPLIST_FILE = PintTrail/Info.plist;
				LD_RUNPATH_SEARCH_PATHS = (
					"$(inherited)",
					"@executable_path/Frameworks",
				);
				MARKETING_VERSION = 1.0.0;
				PRODUCT_BUNDLE_IDENTIFIER = com.andrewkim.PintTrail;
				SDKROOT = iphoneos;
				SWIFT_VERSION = 6.0;
				TARGETED_DEVICE_FAMILY = 1;
			};
			name = Release;
		};
		2271B88D37A5FF31073D3614 /* Debug */ = {
			isa = XCBuildConfiguration;
			buildSettings = {
				ASSETCATALOG_COMPILER_APPICON_NAME = AppIcon;
				CODE_SIGN_IDENTITY = "iPhone Developer";
				CURRENT_PROJECT_VERSION = 1;
				INFOPLIST_FILE = PintTrail/Info.plist;
				LD_RUNPATH_SEARCH_PATHS = (
					"$(inherited)",
					"@executable_path/Frameworks",
				);
				MARKETING_VERSION = 1.0.0;
				PRODUCT_BUNDLE_IDENTIFIER = com.andrewkim.PintTrail;
				SDKROOT = iphoneos;
				SWIFT_VERSION = 6.0;
				TARGETED_DEVICE_FAMILY = 1;
			};
			name = Debug;
		};
		B33E336DEAE9347B08219450 /* Debug */ = {
			isa = XCBuildConfiguration;
			buildSettings = {
				ALWAYS_SEARCH_USER_PATHS = NO;
				CLANG_ANALYZER_NONNULL = YES;
				CLANG_ANALYZER_NUMBER_OBJECT_CONVERSION = YES_AGGRESSIVE;
				CLANG_CXX_LANGUAGE_STANDARD = "gnu++14";
				CLANG_CXX_LIBRARY = "libc++";
				CLANG_ENABLE_MODULES = YES;
				CLANG_ENABLE_OBJC_ARC = YES;
				CLANG_ENABLE_OBJC_WEAK = YES;
				CLANG_WARN_BLOCK_CAPTURE_AUTORELEASING = YES;
				CLANG_WARN_BOOL_CONVERSION = YES;
				CLANG_WARN_COMMA = YES;
				CLANG_WARN_CONSTANT_CONVERSION = YES;
				CLANG_WARN_DEPRECATED_OBJC_IMPLEMENTATIONS = YES;
				CLANG_WARN_DIRECT_OBJC_ISA_USAGE = YES_ERROR;
				CLANG_WARN_DOCUMENTATION_COMMENTS = YES;
				CLANG_WARN_EMPTY_BODY = YES;
				CLANG_WARN_ENUM_CONVERSION = YES;
				CLANG_WARN_INFINITE_RECURSION = YES;
				CLANG_WARN_INT_CONVERSION = YES;
				CLANG_WARN_NON_LITERAL_NULL_CONVERSION = YES;
				CLANG_WARN_OBJC_IMPLICIT_RETAIN_SELF = YES;
				CLANG_WARN_OBJC_LITERAL_CONVERSION = YES;
				CLANG_WARN_OBJC_ROOT_CLASS = YES_ERROR;
				CLANG_WARN_QUOTED_INCLUDE_IN_FRAMEWORK_HEADER = YES;
				CLANG_WARN_RANGE_LOOP_ANALYSIS = YES;
				CLANG_WARN_STRICT_PROTOTYPES = YES;
				CLANG_WARN_SUSPICIOUS_MOVE = YES;
				CLANG_WARN_UNGUARDED_AVAILABILITY = YES_AGGRESSIVE;
				CLANG_WARN_UNREACHABLE_CODE = YES;
				CLANG_WARN__DUPLICATE_METHOD_MATCH = YES;
				COPY_PHASE_STRIP = NO;
				DEBUG_INFORMATION_FORMAT = dwarf;
				ENABLE_STRICT_OBJC_MSGSEND = YES;
				ENABLE_TESTABILITY = YES;
				GCC_C_LANGUAGE_STANDARD = gnu11;
				GCC_DYNAMIC_NO_PIC = NO;
				GCC_NO_COMMON_BLOCKS = YES;
				GCC_OPTIMIZATION_LEVEL = 0;
				GCC_PREPROCESSOR_DEFINITIONS = (
					"$(inherited)",
					"DEBUG=1",
				);
				GCC_WARN_64_TO_32_BIT_CONVERSION = YES;
				GCC_WARN_ABOUT_RETURN_TYPE = YES_ERROR;
				GCC_WARN_UNDECLARED_SELECTOR = YES;
				GCC_WARN_UNINITIALIZED_AUTOS = YES_AGGRESSIVE;
				GCC_WARN_UNUSED_FUNCTION = YES;
				GCC_WARN_UNUSED_VARIABLE = YES;
				IPHONEOS_DEPLOYMENT_TARGET = 17.0;
				MTL_ENABLE_DEBUG_INFO = INCLUDE_SOURCE;
				MTL_FAST_MATH = YES;
				ONLY_ACTIVE_ARCH = YES;
				PRODUCT_NAME = "$(TARGET_NAME)";
				SDKROOT = iphoneos;
				SWIFT_ACTIVE_COMPILATION_CONDITIONS = DEBUG;
				SWIFT_OPTIMIZATION_LEVEL = "-Onone";
				SWIFT_VERSION = 5.0;
			};
			name = Debug;
		};
		CA9D5AD23B2CB8AA91F1DAAD /* Release */ = {
			isa = XCBuildConfiguration;
			buildSettings = {
				ALWAYS_SEARCH_USER_PATHS = NO;
				CLANG_ANALYZER_NONNULL = YES;
				CLANG_ANALYZER_NUMBER_OBJECT_CONVERSION = YES_AGGRESSIVE;
				CLANG_CXX_LANGUAGE_STANDARD = "gnu++14";
				CLANG_CXX_LIBRARY = "libc++";
				CLANG_ENABLE_MODULES = YES;
				CLANG_ENABLE_OBJC_ARC = YES;
				CLANG_ENABLE_OBJC_WEAK = YES;
				CLANG_WARN_BLOCK_CAPTURE_AUTORELEASING = YES;
				CLANG_WARN_BOOL_CONVERSION = YES;
				CLANG_WARN_COMMA = YES;
				CLANG_WARN_CONSTANT_CONVERSION = YES;
				CLANG_WARN_DEPRECATED_OBJC_IMPLEMENTATIONS = YES;
				CLANG_WARN_DIRECT_OBJC_ISA_USAGE = YES_ERROR;
				CLANG_WARN_DOCUMENTATION_COMMENTS = YES;
				CLANG_WARN_EMPTY_BODY = YES;
				CLANG_WARN_ENUM_CONVERSION = YES;
				CLANG_WARN_INFINITE_RECURSION = YES;
				CLANG_WARN_INT_CONVERSION = YES;
				CLANG_WARN_NON_LITERAL_NULL_CONVERSION = YES;
				CLANG_WARN_OBJC_IMPLICIT_RETAIN_SELF = YES;
				CLANG_WARN_OBJC_LITERAL_CONVERSION = YES;
				CLANG_WARN_OBJC_ROOT_CLASS = YES_ERROR;
				CLANG_WARN_QUOTED_INCLUDE_IN_FRAMEWORK_HEADER = YES;
				CLANG_WARN_RANGE_LOOP_ANALYSIS = YES;
				CLANG_WARN_STRICT_PROTOTYPES = YES;
				CLANG_WARN_SUSPICIOUS_MOVE = YES;
				CLANG_WARN_UNGUARDED_AVAILABILITY = YES_AGGRESSIVE;
				CLANG_WARN_UNREACHABLE_CODE = YES;
				CLANG_WARN__DUPLICATE_METHOD_MATCH = YES;
				COPY_PHASE_STRIP = NO;
				DEBUG_INFORMATION_FORMAT = "dwarf-with-dsym";
				ENABLE_NS_ASSERTIONS = NO;
				ENABLE_STRICT_OBJC_MSGSEND = YES;
				GCC_C_LANGUAGE_STANDARD = gnu11;
				GCC_NO_COMMON_BLOCKS = YES;
				GCC_WARN_64_TO_32_BIT_CONVERSION = YES;
				GCC_WARN_ABOUT_RETURN_TYPE = YES_ERROR;
				GCC_WARN_UNDECLARED_SELECTOR = YES;
				GCC_WARN_UNINITIALIZED_AUTOS = YES_AGGRESSIVE;
				GCC_WARN_UNUSED_FUNCTION = YES;
				GCC_WARN_UNUSED_VARIABLE = YES;
				IPHONEOS_DEPLOYMENT_TARGET = 17.0;
				MTL_ENABLE_DEBUG_INFO = NO;
				MTL_FAST_MATH = YES;
				PRODUCT_NAME = "$(TARGET_NAME)";
				SDKROOT = iphoneos;
				SWIFT_COMPILATION_MODE = wholemodule;
				SWIFT_OPTIMIZATION_LEVEL = "-O";
				SWIFT_VERSION = 5.0;
			};
			name = Release;
		};
/* End XCBuildConfiguration section */

/* Begin XCConfigurationList section */
		60C3705532DDF699E2C8D3AF /* Build configuration list for PBXNativeTarget "PintTrail" */ = {
			isa = XCConfigurationList;
			buildConfigurations = (
				2271B88D37A5FF31073D3614 /* Debug */,
				0C3A7F67D2850592FFFEB5A5 /* Release */,
			);
			defaultConfigurationIsVisible = 0;
			defaultConfigurationName = Debug;
		};
		ED4EBE30A3086C2ACF228CAE /* Build configuration list for PBXProject "PintTrail" */ = {
			isa = XCConfigurationList;
			buildConfigurations = (
				B33E336DEAE9347B08219450 /* Debug */,
				CA9D5AD23B2CB8AA91F1DAAD /* Release */,
			);
			defaultConfigurationIsVisible = 0;
			defaultConfigurationName = Debug;
		};
/* End XCConfigurationList section */
	};
	rootObject = 7A6847CF429A2C1F55A9D4FD /* Project object */;
}
